
Microsoft Visual Studio Solution File, Format Version 12.00
# Visual Studio 15
VisualStudioVersion = 15.0.28010.2016
MinimumVisualStudioVersion = 10.0.40219.1
Project("{8BC9CEB8-8B4A-11D0-8D11-00A0C91BC942}") = "Chapter 4 Init Direct3D", "Init Direct3D\Init Direct3D.vcxproj", "{24F8AF36-3869-4420-91FD-BF8135865A19}"
EndProject
Project("{8BC9CEB8-8B4A-11D0-8D11-00A0C91BC942}") = "Chapter 6 Drawing In Direct3D", "Chapter 6 Drawing In Direct3D\Chapter 6 Drawing In Direct3D.vcxproj", "{52952AF1-1193-44BA-B9BD-A0AC15FFB499}"
EndProject
Project("{8BC9CEB8-8B4A-11D0-8D11-00A0C91BC942}") = "Chapter 6_2 Hills Demo", "Chapter 6_2 Hills Demo\Chapter 6_2 Hills Demo.vcxproj", "{39233253-D2DC-44FB-827A-EF6DFC2D2984}"
EndProject
Project("{8BC9CEB8-8B4A-11D0-8D11-00A0C91BC942}") = "Chapter 6_3 Shapes Demo", "Chapter 6_3 Shapes Demo\Chapter 6_3 Shapes Demo.vcxproj", "{494FE7A5-B6B2-4FCE-A954-A776A8BF2181}"
EndProject
Project("{8BC9CEB8-8B4A-11D0-8D11-00A0C91BC942}") = "Chapter 6_4 Skull", "Chapter 6_4 Skull\Chapter 6_4 Skull.vcxproj", "{804A3180-5FBD-4361-BF21-58DECFC4F940}"
EndProject
Project("{8BC9CEB8-8B4A-11D0-8D11-00A0C91BC942}") = "Chapter 6_5 Waves", "Chapter 6_5 Waves\Chapter 6_5 Waves.vcxproj", "{074E5995-341C-4124-B58C-1D2319425A4E}"
EndProject
Project("{8BC9CEB8-8B4A-11D0-8D11-00A0C91BC942}") = "Chapter 6_6 Exercise7 BoxAndPryramid", "Chapter 6_6 Exercise7 BoxAndPryramid\Chapter 6_6 Exercise7 BoxAndPryramid.vcxproj", "{DE8F79B2-0BC9-4466-AB87-3F2565CDCF52}"
EndProject
Global
	GlobalSection(SolutionConfigurationPlatforms) = preSolution
		Debug|x64 = Debug|x64
		Debug|x86 = Debug|x86
		Release|x64 = Release|x64
		Release|x86 = Release|x86
	EndGlobalSection
	GlobalSection(ProjectConfigurationPlatforms) = postSolution
		{24F8AF36-3869-4420-91FD-BF8135865A19}.Debug|x64.ActiveCfg = Debug|x64
		{24F8AF36-3869-4420-91FD-BF8135865A19}.Debug|x64.Build.0 = Debug|x64
		{24F8AF36-3869-4420-91FD-BF8135865A19}.Debug|x86.ActiveCfg = Debug|Win32
		{24F8AF36-3869-4420-91FD-BF8135865A19}.Debug|x86.Build.0 = Debug|Win32
		{24F8AF36-3869-4420-91FD-BF8135865A19}.Release|x64.ActiveCfg = Release|x64
		{24F8AF36-3869-4420-91FD-BF8135865A19}.Release|x64.Build.0 = Release|x64
		{24F8AF36-3869-4420-91FD-BF8135865A19}.Release|x86.ActiveCfg = Release|Win32
		{24F8AF36-3869-4420-91FD-BF8135865A19}.Release|x86.Build.0 = Release|Win32
		{52952AF1-1193-44BA-B9BD-A0AC15FFB499}.Debug|x64.ActiveCfg = Debug|x64
		{52952AF1-1193-44BA-B9BD-A0AC15FFB499}.Debug|x64.Build.0 = Debug|x64
		{52952AF1-1193-44BA-B9BD-A0AC15FFB499}.Debug|x86.ActiveCfg = Debug|Win32
		{52952AF1-1193-44BA-B9BD-A0AC15FFB499}.Debug|x86.Build.0 = Debug|Win32
		{52952AF1-1193-44BA-B9BD-A0AC15FFB499}.Release|x64.ActiveCfg = Release|x64
		{52952AF1-1193-44BA-B9BD-A0AC15FFB499}.Release|x64.Build.0 = Release|x64
		{52952AF1-1193-44BA-B9BD-A0AC15FFB499}.Release|x86.ActiveCfg = Release|Win32
		{52952AF1-1193-44BA-B9BD-A0AC15FFB499}.Release|x86.Build.0 = Release|Win32
		{39233253-D2DC-44FB-827A-EF6DFC2D2984}.Debug|x64.ActiveCfg = Debug|x64
		{39233253-D2DC-44FB-827A-EF6DFC2D2984}.Debug|x64.Build.0 = Debug|x64
		{39233253-D2DC-44FB-827A-EF6DFC2D2984}.Debug|x86.ActiveCfg = Debug|Win32
		{39233253-D2DC-44FB-827A-EF6DFC2D2984}.Debug|x86.Build.0 = Debug|Win32
		{39233253-D2DC-44FB-827A-EF6DFC2D2984}.Release|x64.ActiveCfg = Release|x64
		{39233253-D2DC-44FB-827A-EF6DFC2D2984}.Release|x64.Build.0 = Release|x64
		{39233253-D2DC-44FB-827A-EF6DFC2D2984}.Release|x86.ActiveCfg = Release|Win32
		{39233253-D2DC-44FB-827A-EF6DFC2D2984}.Release|x86.Build.0 = Release|Win32
		{494FE7A5-B6B2-4FCE-A954-A776A8BF2181}.Debug|x64.ActiveCfg = Debug|x64
		{494FE7A5-B6B2-4FCE-A954-A776A8BF2181}.Debug|x64.Build.0 = Debug|x64
		{494FE7A5-B6B2-4FCE-A954-A776A8BF2181}.Debug|x86.ActiveCfg = Debug|Win32
		{494FE7A5-B6B2-4FCE-A954-A776A8BF2181}.Debug|x86.Build.0 = Debug|Win32
		{494FE7A5-B6B2-4FCE-A954-A776A8BF2181}.Release|x64.ActiveCfg = Release|x64
		{494FE7A5-B6B2-4FCE-A954-A776A8BF2181}.Release|x64.Build.0 = Release|x64
		{494FE7A5-B6B2-4FCE-A954-A776A8BF2181}.Release|x86.ActiveCfg = Release|Win32
		{494FE7A5-B6B2-4FCE-A954-A776A8BF2181}.Release|x86.Build.0 = Release|Win32
		{804A3180-5FBD-4361-BF21-58DECFC4F940}.Debug|x64.ActiveCfg = Debug|x64
		{804A3180-5FBD-4361-BF21-58DECFC4F940}.Debug|x64.Build.0 = Debug|x64
		{804A3180-5FBD-4361-BF21-58DECFC4F940}.Debug|x86.ActiveCfg = Debug|Win32
		{804A3180-5FBD-4361-BF21-58DECFC4F940}.Debug|x86.Build.0 = Debug|Win32
		{804A3180-5FBD-4361-BF21-58DECFC4F940}.Release|x64.ActiveCfg = Release|x64
		{804A3180-5FBD-4361-BF21-58DECFC4F940}.Release|x64.Build.0 = Release|x64
		{804A3180-5FBD-4361-BF21-58DECFC4F940}.Release|x86.ActiveCfg = Release|Win32
		{804A3180-5FBD-4361-BF21-58DECFC4F940}.Release|x86.Build.0 = Release|Win32
		{074E5995-341C-4124-B58C-1D2319425A4E}.Debug|x64.ActiveCfg = Debug|x64
		{074E5995-341C-4124-B58C-1D2319425A4E}.Debug|x64.Build.0 = Debug|x64
		{074E5995-341C-4124-B58C-1D2319425A4E}.Debug|x86.ActiveCfg = Debug|Win32
		{074E5995-341C-4124-B58C-1D2319425A4E}.Debug|x86.Build.0 = Debug|Win32
		{074E5995-341C-4124-B58C-1D2319425A4E}.Release|x64.ActiveCfg = Release|x64
		{074E5995-341C-4124-B58C-1D2319425A4E}.Release|x64.Build.0 = Release|x64
		{074E5995-341C-4124-B58C-1D2319425A4E}.Release|x86.ActiveCfg = Release|Win32
		{074E5995-341C-4124-B58C-1D2319425A4E}.Release|x86.Build.0 = Release|Win32
		{DE8F79B2-0BC9-4466-AB87-3F2565CDCF52}.Debug|x64.ActiveCfg = Debug|x64
		{DE8F79B2-0BC9-4466-AB87-3F2565CDCF52}.Debug|x64.Build.0 = Debug|x64
		{DE8F79B2-0BC9-4466-AB87-3F2565CDCF52}.Debug|x86.ActiveCfg = Debug|Win32
		{DE8F79B2-0BC9-4466-AB87-3F2565CDCF52}.Debug|x86.Build.0 = Debug|Win32
		{DE8F79B2-0BC9-4466-AB87-3F2565CDCF52}.Release|x64.ActiveCfg = Release|x64
		{DE8F79B2-0BC9-4466-AB87-3F2565CDCF52}.Release|x64.Build.0 = Release|x64
		{DE8F79B2-0BC9-4466-AB87-3F2565CDCF52}.Release|x86.ActiveCfg = Release|Win32
		{DE8F79B2-0BC9-4466-AB87-3F2565CDCF52}.Release|x86.Build.0 = Release|Win32
	EndGlobalSection
	GlobalSection(SolutionProperties) = preSolution
		HideSolutionNode = FALSE
	EndGlobalSection
	GlobalSection(ExtensibilityGlobals) = postSolution
		SolutionGuid = {5C8C6698-E0CB-4BB6-BACC-57B31A3DBEE4}
	EndGlobalSection
EndGlobal
